// !$*UTF8*$!
{
	archiveVersion = 1;
	classes = {
	};
	objectVersion = 55;
	objects = {

/* Begin PBXBuildFile section */
		364501AF28936CC7004B8AE9 /* DeployMeApp.swift in Sources */ = {isa = PBXBuildFile; fileRef = 364501AE28936CC7004B8AE9 /* DeployMeApp.swift */; };
		364501B128936CC7004B8AE9 /* ContentView.swift in Sources */ = {isa = PBXBuildFile; fileRef = 364501B028936CC7004B8AE9 /* ContentView.swift */; };
		364501B328936CC9004B8AE9 /* Assets.xcassets in Resources */ = {isa = PBXBuildFile; fileRef = 364501B228936CC9004B8AE9 /* Assets.xcassets */; };
		364501B628936CC9004B8AE9 /* Preview Assets.xcassets in Resources */ = {isa = PBXBuildFile; fileRef = 364501B528936CC9004B8AE9 /* Preview Assets.xcassets */; };
		364501C028936CC9004B8AE9 /* DeployMeTests.swift in Sources */ = {isa = PBXBuildFile; fileRef = 364501BF28936CC9004B8AE9 /* DeployMeTests.swift */; };
		364501CA28936CC9004B8AE9 /* DeployMeUITests.swift in Sources */ = {isa = PBXBuildFile; fileRef = 364501C928936CC9004B8AE9 /* DeployMeUITests.swift */; };
		364501CC28936CC9004B8AE9 /* DeployMeUITestsLaunchTests.swift in Sources */ = {isa = PBXBuildFile; fileRef = 364501CB28936CC9004B8AE9 /* DeployMeUITestsLaunchTests.swift */; };
/* End PBXBuildFile section */

/* Begin PBXContainerItemProxy section */
		364501BC28936CC9004B8AE9 /* PBXContainerItemProxy */ = {
			isa = PBXContainerItemProxy;
			containerPortal = 364501A328936CC7004B8AE9 /* Project object */;
			proxyType = 1;
			remoteGlobalIDString = 364501AA28936CC7004B8AE9;
			remoteInfo = DeployMe;
		};
		364501C628936CC9004B8AE9 /* PBXContainerItemProxy */ = {
			isa = PBXContainerItemProxy;
			containerPortal = 364501A328936CC7004B8AE9 /* Project object */;
			proxyType = 1;
			remoteGlobalIDString = 364501AA28936CC7004B8AE9;
			remoteInfo = DeployMe;
		};
/* End PBXContainerItemProxy section */

/* Begin PBXFileReference section */
		364501AB28936CC7004B8AE9 /* DeployMe.app */ = {isa = PBXFileReference; explicitFileType = wrapper.application; includeInIndex = 0; path = DeployMe.app; sourceTree = BUILT_PRODUCTS_DIR; };
		364501AE28936CC7004B8AE9 /* DeployMeApp.swift */ = {isa = PBXFileReference; lastKnownFileType = sourcecode.swift; path = DeployMeApp.swift; sourceTree = "<group>"; };
		364501B028936CC7004B8AE9 /* ContentView.swift */ = {isa = PBXFileReference; lastKnownFileType = sourcecode.swift; path = ContentView.swift; sourceTree = "<group>"; };
		364501B228936CC9004B8AE9 /* Assets.xcassets */ = {isa = PBXFileReference; lastKnownFileType = folder.assetcatalog; path = Assets.xcassets; sourceTree = "<group>"; };
		364501B528936CC9004B8AE9 /* Preview Assets.xcassets */ = {isa = PBXFileReference; lastKnownFileType = folder.assetcatalog; path = "Preview Assets.xcassets"; sourceTree = "<group>"; };
		364501BB28936CC9004B8AE9 /* DeployMeTests.xctest */ = {isa = PBXFileReference; explicitFileType = wrapper.cfbundle; includeInIndex = 0; path = DeployMeTests.xctest; sourceTree = BUILT_PRODUCTS_DIR; };
		364501BF28936CC9004B8AE9 /* DeployMeTests.swift */ = {isa = PBXFileReference; lastKnownFileType = sourcecode.swift; path = DeployMeTests.swift; sourceTree = "<group>"; };
		364501C528936CC9004B8AE9 /* DeployMeUITests.xctest */ = {isa = PBXFileReference; explicitFileType = wrapper.cfbundle; includeInIndex = 0; path = DeployMeUITests.xctest; sourceTree = BUILT_PRODUCTS_DIR; };
		364501C928936CC9004B8AE9 /* DeployMeUITests.swift */ = {isa = PBXFileReference; lastKnownFileType = sourcecode.swift; path = DeployMeUITests.swift; sourceTree = "<group>"; };
		364501CB28936CC9004B8AE9 /* DeployMeUITestsLaunchTests.swift */ = {isa = PBXFileReference; lastKnownFileType = sourcecode.swift; path = DeployMeUITestsLaunchTests.swift; sourceTree = "<group>"; };
/* End PBXFileReference section */

/* Begin PBXFrameworksBuildPhase section */
		364501A828936CC7004B8AE9 /* Frameworks */ = {
			isa = PBXFrameworksBuildPhase;
			buildActionMask = 2147483647;
			files = (
			);
			runOnlyForDeploymentPostprocessing = 0;
		};
		364501B828936CC9004B8AE9 /* Frameworks */ = {
			isa = PBXFrameworksBuildPhase;
			buildActionMask = 2147483647;
			files = (
			);
			runOnlyForDeploymentPostprocessing = 0;
		};
		364501C228936CC9004B8AE9 /* Frameworks */ = {
			isa = PBXFrameworksBuildPhase;
			buildActionMask = 2147483647;
			files = (
			);
			runOnlyForDeploymentPostprocessing = 0;
		};
/* End PBXFrameworksBuildPhase section */

/* Begin PBXGroup section */
		364501A228936CC7004B8AE9 = {
			isa = PBXGroup;
			children = (
				364501AD28936CC7004B8AE9 /* DeployMe */,
				364501BE28936CC9004B8AE9 /* DeployMeTests */,
				364501C828936CC9004B8AE9 /* DeployMeUITests */,
				364501AC28936CC7004B8AE9 /* Products */,
			);
			sourceTree = "<group>";
		};
		364501AC28936CC7004B8AE9 /* Products */ = {
			isa = PBXGroup;
			children = (
				364501AB28936CC7004B8AE9 /* DeployMe.app */,
				364501BB28936CC9004B8AE9 /* DeployMeTests.xctest */,
				364501C528936CC9004B8AE9 /* DeployMeUITests.xctest */,
			);
			name = Products;
			sourceTree = "<group>";
		};
		364501AD28936CC7004B8AE9 /* DeployMe */ = {
			isa = PBXGroup;
			children = (
				364501AE28936CC7004B8AE9 /* DeployMeApp.swift */,
				364501B028936CC7004B8AE9 /* ContentView.swift */,
				364501B228936CC9004B8AE9 /* Assets.xcassets */,
				364501B428936CC9004B8AE9 /* Preview Content */,
			);
			path = DeployMe;
			sourceTree = "<group>";
		};
		364501B428936CC9004B8AE9 /* Preview Content */ = {
			isa = PBXGroup;
			children = (
				364501B528936CC9004B8AE9 /* Preview Assets.xcassets */,
			);
			path = "Preview Content";
			sourceTree = "<group>";
		};
		364501BE28936CC9004B8AE9 /* DeployMeTests */ = {
			isa = PBXGroup;
			children = (
				364501BF28936CC9004B8AE9 /* DeployMeTests.swift */,
			);
			path = DeployMeTests;
			sourceTree = "<group>";
		};
		364501C828936CC9004B8AE9 /* DeployMeUITests */ = {
			isa = PBXGroup;
			children = (
				364501C928936CC9004B8AE9 /* DeployMeUITests.swift */,
				364501CB28936CC9004B8AE9 /* DeployMeUITestsLaunchTests.swift */,
			);
			path = DeployMeUITests;
			sourceTree = "<group>";
		};
/* End PBXGroup section */

/* Begin PBXNativeTarget section */
		364501AA28936CC7004B8AE9 /* DeployMe */ = {
			isa = PBXNativeTarget;
			buildConfigurationList = 364501CF28936CC9004B8AE9 /* Build configuration list for PBXNativeTarget "DeployMe" */;
			buildPhases = (
				364501A728936CC7004B8AE9 /* Sources */,
				364501A828936CC7004B8AE9 /* Frameworks */,
				364501A928936CC7004B8AE9 /* Resources */,
			);
			buildRules = (
			);
			dependencies = (
			);
			name = DeployMe;
			productName = DeployMe;
			productReference = 364501AB28936CC7004B8AE9 /* DeployMe.app */;
			productType = "com.apple.product-type.application";
		};
		364501BA28936CC9004B8AE9 /* DeployMeTests */ = {
			isa = PBXNativeTarget;
			buildConfigurationList = 364501D228936CC9004B8AE9 /* Build configuration list for PBXNativeTarget "DeployMeTests" */;
			buildPhases = (
				364501B728936CC9004B8AE9 /* Sources */,
				364501B828936CC9004B8AE9 /* Frameworks */,
				364501B928936CC9004B8AE9 /* Resources */,
			);
			buildRules = (
			);
			dependencies = (
				364501BD28936CC9004B8AE9 /* PBXTargetDependency */,
			);
			name = DeployMeTests;
			productName = DeployMeTests;
			productReference = 364501BB28936CC9004B8AE9 /* DeployMeTests.xctest */;
			productType = "com.apple.product-type.bundle.unit-test";
		};
		364501C428936CC9004B8AE9 /* DeployMeUITests */ = {
			isa = PBXNativeTarget;
			buildConfigurationList = 364501D528936CC9004B8AE9 /* Build configuration list for PBXNativeTarget "DeployMeUITests" */;
			buildPhases = (
				364501C128936CC9004B8AE9 /* Sources */,
				364501C228936CC9004B8AE9 /* Frameworks */,
				364501C328936CC9004B8AE9 /* Resources */,
			);
			buildRules = (
			);
			dependencies = (
				364501C728936CC9004B8AE9 /* PBXTargetDependency */,
			);
			name = DeployMeUITests;
			productName = DeployMeUITests;
			productReference = 364501C528936CC9004B8AE9 /* DeployMeUITests.xctest */;
			productType = "com.apple.product-type.bundle.ui-testing";
		};
/* End PBXNativeTarget section */

/* Begin PBXProject section */
		364501A328936CC7004B8AE9 /* Project object */ = {
			isa = PBXProject;
			attributes = {
				BuildIndependentTargetsInParallel = 1;
				LastSwiftUpdateCheck = 1340;
				LastUpgradeCheck = 1340;
				TargetAttributes = {
					364501AA28936CC7004B8AE9 = {
						CreatedOnToolsVersion = 13.4.1;
					};
					364501BA28936CC9004B8AE9 = {
						CreatedOnToolsVersion = 13.4.1;
						TestTargetID = 364501AA28936CC7004B8AE9;
					};
					364501C428936CC9004B8AE9 = {
						CreatedOnToolsVersion = 13.4.1;
						TestTargetID = 364501AA28936CC7004B8AE9;
					};
				};
			};
			buildConfigurationList = 364501A628936CC7004B8AE9 /* Build configuration list for PBXProject "DeployMe" */;
			compatibilityVersion = "Xcode 13.0";
			developmentRegion = en;
			hasScannedForEncodings = 0;
			knownRegions = (
				en,
				Base,
			);
			mainGroup = 364501A228936CC7004B8AE9;
			productRefGroup = 364501AC28936CC7004B8AE9 /* Products */;
			projectDirPath = "";
			projectRoot = "";
			targets = (
				364501AA28936CC7004B8AE9 /* DeployMe */,
				364501BA28936CC9004B8AE9 /* DeployMeTests */,
				364501C428936CC9004B8AE9 /* DeployMeUITests */,
			);
		};
/* End PBXProject section */

/* Begin PBXResourcesBuildPhase section */
		364501A928936CC7004B8AE9 /* Resources */ = {
			isa = PBXResourcesBuildPhase;
			buildActionMask = 2147483647;
			files = (
				364501B628936CC9004B8AE9 /* Preview Assets.xcassets in Resources */,
				364501B328936CC9004B8AE9 /* Assets.xcassets in Resources */,
			);
			runOnlyForDeploymentPostprocessing = 0;
		};
		364501B928936CC9004B8AE9 /* Resources */ = {
			isa = PBXResourcesBuildPhase;
			buildActionMask = 2147483647;
			files = (
			);
			runOnlyForDeploymentPostprocessing = 0;
		};
		364501C328936CC9004B8AE9 /* Resources */ = {
			isa = PBXResourcesBuildPhase;
			buildActionMask = 2147483647;
			files = (
			);
			runOnlyForDeploymentPostprocessing = 0;
		};
/* End PBXResourcesBuildPhase section */

/* Begin PBXSourcesBuildPhase section */
		364501A728936CC7004B8AE9 /* Sources */ = {
			isa = PBXSourcesBuildPhase;
			buildActionMask = 2147483647;
			files = (
				364501B128936CC7004B8AE9 /* ContentView.swift in Sources */,
				364501AF28936CC7004B8AE9 /* DeployMeApp.swift in Sources */,
			);
			runOnlyForDeploymentPostprocessing = 0;
		};
		364501B728936CC9004B8AE9 /* Sources */ = {
			isa = PBXSourcesBuildPhase;
			buildActionMask = 2147483647;
			files = (
				364501C028936CC9004B8AE9 /* DeployMeTests.swift in Sources */,
			);
			runOnlyForDeploymentPostprocessing = 0;
		};
		364501C128936CC9004B8AE9 /* Sources */ = {
			isa = PBXSourcesBuildPhase;
			buildActionMask = 2147483647;
			files = (
				364501CC28936CC9004B8AE9 /* DeployMeUITestsLaunchTests.swift in Sources */,
				364501CA28936CC9004B8AE9 /* DeployMeUITests.swift in Sources */,
			);
			runOnlyForDeploymentPostprocessing = 0;
		};
/* End PBXSourcesBuildPhase section */

/* Begin PBXTargetDependency section */
		364501BD28936CC9004B8AE9 /* PBXTargetDependency */ = {
			isa = PBXTargetDependency;
			target = 364501AA28936CC7004B8AE9 /* DeployMe */;
			targetProxy = 364501BC28936CC9004B8AE9 /* PBXContainerItemProxy */;
		};
		364501C728936CC9004B8AE9 /* PBXTargetDependency */ = {
			isa = PBXTargetDependency;
			target = 364501AA28936CC7004B8AE9 /* DeployMe */;
			targetProxy = 364501C628936CC9004B8AE9 /* PBXContainerItemProxy */;
		};
/* End PBXTargetDependency section */

/* Begin XCBuildConfiguration section */
		364501CD28936CC9004B8AE9 /* Debug */ = {
			isa = XCBuildConfiguration;
			buildSettings = {
				ALWAYS_SEARCH_USER_PATHS = NO;
				CLANG_ANALYZER_NONNULL = YES;
				CLANG_ANALYZER_NUMBER_OBJECT_CONVERSION = YES_AGGRESSIVE;
				CLANG_CXX_LANGUAGE_STANDARD = "gnu++17";
				CLANG_ENABLE_MODULES = YES;
				CLANG_ENABLE_OBJC_ARC = YES;
				CLANG_ENABLE_OBJC_WEAK = YES;
				CLANG_WARN_BLOCK_CAPTURE_AUTORELEASING = YES;
				CLANG_WARN_BOOL_CONVERSION = YES;
				CLANG_WARN_COMMA = YES;
				CLANG_WARN_CONSTANT_CONVERSION = YES;
				CLANG_WARN_DEPRECATED_OBJC_IMPLEMENTATIONS = YES;
				CLANG_WARN_DIRECT_OBJC_ISA_USAGE = YES_ERROR;
				CLANG_WARN_DOCUMENTATION_COMMENTS = YES;
				CLANG_WARN_EMPTY_BODY = YES;
				CLANG_WARN_ENUM_CONVERSION = YES;
				CLANG_WARN_INFINITE_RECURSION = YES;
				CLANG_WARN_INT_CONVERSION = YES;
				CLANG_WARN_NON_LITERAL_NULL_CONVERSION = YES;
				CLANG_WARN_OBJC_IMPLICIT_RETAIN_SELF = YES;
				CLANG_WARN_OBJC_LITERAL_CONVERSION = YES;
				CLANG_WARN_OBJC_ROOT_CLASS = YES_ERROR;
				CLANG_WARN_QUOTED_INCLUDE_IN_FRAMEWORK_HEADER = YES;
				CLANG_WARN_RANGE_LOOP_ANALYSIS = YES;
				CLANG_WARN_STRICT_PROTOTYPES = YES;
				CLANG_WARN_SUSPICIOUS_MOVE = YES;
				CLANG_WARN_UNGUARDED_AVAILABILITY = YES_AGGRESSIVE;
				CLANG_WARN_UNREACHABLE_CODE = YES;
				CLANG_WARN__DUPLICATE_METHOD_MATCH = YES;
				COPY_PHASE_STRIP = NO;
				DEBUG_INFORMATION_FORMAT = dwarf;
				ENABLE_STRICT_OBJC_MSGSEND = YES;
				ENABLE_TESTABILITY = YES;
				GCC_C_LANGUAGE_STANDARD = gnu11;
				GCC_DYNAMIC_NO_PIC = NO;
				GCC_NO_COMMON_BLOCKS = YES;
				GCC_OPTIMIZATION_LEVEL = 0;
				GCC_PREPROCESSOR_DEFINITIONS = (
					"DEBUG=1",
					"$(inherited)",
				);
				GCC_WARN_64_TO_32_BIT_CONVERSION = YES;
				GCC_WARN_ABOUT_RETURN_TYPE = YES_ERROR;
				GCC_WARN_UNDECLARED_SELECTOR = YES;
				GCC_WARN_UNINITIALIZED_AUTOS = YES_AGGRESSIVE;
				GCC_WARN_UNUSED_FUNCTION = YES;
				GCC_WARN_UNUSED_VARIABLE = YES;
				IPHONEOS_DEPLOYMENT_TARGET = 15.5;
				MTL_ENABLE_DEBUG_INFO = INCLUDE_SOURCE;
				MTL_FAST_MATH = YES;
				ONLY_ACTIVE_ARCH = YES;
				SDKROOT = iphoneos;
				SWIFT_ACTIVE_COMPILATION_CONDITIONS = DEBUG;
				SWIFT_OPTIMIZATION_LEVEL = "-Onone";
			};
			name = Debug;
		};
		364501CE28936CC9004B8AE9 /* Release */ = {
			isa = XCBuildConfiguration;
			buildSettings = {
				ALWAYS_SEARCH_USER_PATHS = NO;
				CLANG_ANALYZER_NONNULL = YES;
				CLANG_ANALYZER_NUMBER_OBJECT_CONVERSION = YES_AGGRESSIVE;
				CLANG_CXX_LANGUAGE_STANDARD = "gnu++17";
				CLANG_ENABLE_MODULES = YES;
				CLANG_ENABLE_OBJC_ARC = YES;
				CLANG_ENABLE_OBJC_WEAK = YES;
				CLANG_WARN_BLOCK_CAPTURE_AUTORELEASING = YES;
				CLANG_WARN_BOOL_CONVERSION = YES;
				CLANG_WARN_COMMA = YES;
				CLANG_WARN_CONSTANT_CONVERSION = YES;
				CLANG_WARN_DEPRECATED_OBJC_IMPLEMENTATIONS = YES;
				CLANG_WARN_DIRECT_OBJC_ISA_USAGE = YES_ERROR;
				CLANG_WARN_DOCUMENTATION_COMMENTS = YES;
				CLANG_WARN_EMPTY_BODY = YES;
				CLANG_WARN_ENUM_CONVERSION = YES;
				CLANG_WARN_INFINITE_RECURSION = YES;
				CLANG_WARN_INT_CONVERSION = YES;
				CLANG_WARN_NON_LITERAL_NULL_CONVERSION = YES;
				CLANG_WARN_OBJC_IMPLICIT_RETAIN_SELF = YES;
				CLANG_WARN_OBJC_LITERAL_CONVERSION = YES;
				CLANG_WARN_OBJC_ROOT_CLASS = YES_ERROR;
				CLANG_WARN_QUOTED_INCLUDE_IN_FRAMEWORK_HEADER = YES;
				CLANG_WARN_RANGE_LOOP_ANALYSIS = YES;
				CLANG_WARN_STRICT_PROTOTYPES = YES;
				CLANG_WARN_SUSPICIOUS_MOVE = YES;
				CLANG_WARN_UNGUARDED_AVAILABILITY = YES_AGGRESSIVE;
				CLANG_WARN_UNREACHABLE_CODE = YES;
				CLANG_WARN__DUPLICATE_METHOD_MATCH = YES;
				COPY_PHASE_STRIP = NO;
				DEBUG_INFORMATION_FORMAT = "dwarf-with-dsym";
				ENABLE_NS_ASSERTIONS = NO;
				ENABLE_STRICT_OBJC_MSGSEND = YES;
				GCC_C_LANGUAGE_STANDARD = gnu11;
				GCC_NO_COMMON_BLOCKS = YES;
				GCC_WARN_64_TO_32_BIT_CONVERSION = YES;
				GCC_WARN_ABOUT_RETURN_TYPE = YES_ERROR;
				GCC_WARN_UNDECLARED_SELECTOR = YES;
				GCC_WARN_UNINITIALIZED_AUTOS = YES_AGGRESSIVE;
				GCC_WARN_UNUSED_FUNCTION = YES;
				GCC_WARN_UNUSED_VARIABLE = YES;
				IPHONEOS_DEPLOYMENT_TARGET = 15.5;
				MTL_ENABLE_DEBUG_INFO = NO;
				MTL_FAST_MATH = YES;
				SDKROOT = iphoneos;
				SWIFT_COMPILATION_MODE = wholemodule;
				SWIFT_OPTIMIZATION_LEVEL = "-O";
				VALIDATE_PRODUCT = YES;
			};
			name = Release;
		};
		364501D028936CC9004B8AE9 /* Debug */ = {
			isa = XCBuildConfiguration;
			buildSettings = {
				ASSETCATALOG_COMPILER_APPICON_NAME = AppIcon;
				ASSETCATALOG_COMPILER_GLOBAL_ACCENT_COLOR_NAME = AccentColor;
				CODE_SIGN_STYLE = Automatic;
				CURRENT_PROJECT_VERSION = 1;
				DEVELOPMENT_ASSET_PATHS = "\"DeployMe/Preview Content\"";
				ENABLE_PREVIEWS = YES;
				GENERATE_INFOPLIST_FILE = YES;
				INFOPLIST_KEY_UIApplicationSceneManifest_Generation = YES;
				INFOPLIST_KEY_UIApplicationSupportsIndirectInputEvents = YES;
				INFOPLIST_KEY_UILaunchScreen_Generation = YES;
				INFOPLIST_KEY_UISupportedInterfaceOrientations_iPad = "UIInterfaceOrientationPortrait UIInterfaceOrientationPortraitUpsideDown UIInterfaceOrientationLandscapeLeft UIInterfaceOrientationLandscapeRight";
				INFOPLIST_KEY_UISupportedInterfaceOrientations_iPhone = "UIInterfaceOrientationPortrait UIInterfaceOrientationLandscapeLeft UIInterfaceOrientationLandscapeRight";
				LD_RUNPATH_SEARCH_PATHS = (
					"$(inherited)",
					"@executable_path/Frameworks",
				);
				MARKETING_VERSION = 1.0;
				PRODUCT_BUNDLE_IDENTIFIER = erict.DeployMe;
				PRODUCT_NAME = "$(TARGET_NAME)";
				SWIFT_EMIT_LOC_STRINGS = YES;
				SWIFT_VERSION = 5.0;
				TARGETED_DEVICE_FAMILY = "1,2";
			};
			name = Debug;
		};
		364501D128936CC9004B8AE9 /* Release */ = {
			isa = XCBuildConfiguration;
			buildSettings = {
				ASSETCATALOG_COMPILER_APPICON_NAME = AppIcon;
				ASSETCATALOG_COMPILER_GLOBAL_ACCENT_COLOR_NAME = AccentColor;
				CODE_SIGN_STYLE = Automatic;
				CURRENT_PROJECT_VERSION = 1;
				DEVELOPMENT_ASSET_PATHS = "\"DeployMe/Preview Content\"";
				ENABLE_PREVIEWS = YES;
				GENERATE_INFOPLIST_FILE = YES;
				INFOPLIST_KEY_UIApplicationSceneManifest_Generation = YES;
				INFOPLIST_KEY_UIApplicationSupportsIndirectInputEvents = YES;
				INFOPLIST_KEY_UILaunchScreen_Generation = YES;
				INFOPLIST_KEY_UISupportedInterfaceOrientations_iPad = "UIInterfaceOrientationPortrait UIInterfaceOrientationPortraitUpsideDown UIInterfaceOrientationLandscapeLeft UIInterfaceOrientationLandscapeRight";
				INFOPLIST_KEY_UISupportedInterfaceOrientations_iPhone = "UIInterfaceOrientationPortrait UIInterfaceOrientationLandscapeLeft UIInterfaceOrientationLandscapeRight";
				LD_RUNPATH_SEARCH_PATHS = (
					"$(inherited)",
					"@executable_path/Frameworks",
				);
				MARKETING_VERSION = 1.0;
				PRODUCT_BUNDLE_IDENTIFIER = erict.DeployMe;
				PRODUCT_NAME = "$(TARGET_NAME)";
				SWIFT_EMIT_LOC_STRINGS = YES;
				SWIFT_VERSION = 5.0;
				TARGETED_DEVICE_FAMILY = "1,2";
			};
			name = Release;
		};
		364501D328936CC9004B8AE9 /* Debug */ = {
			isa = XCBuildConfiguration;
			buildSettings = {
				ALWAYS_EMBED_SWIFT_STANDARD_LIBRARIES = YES;
				BUNDLE_LOADER = "$(TEST_HOST)";
				CODE_SIGN_STYLE = Automatic;
				CURRENT_PROJECT_VERSION = 1;
				GENERATE_INFOPLIST_FILE = YES;
				IPHONEOS_DEPLOYMENT_TARGET = 15.5;
				MARKETING_VERSION = 1.0;
				PRODUCT_BUNDLE_IDENTIFIER = erict.DeployMeTests;
				PRODUCT_NAME = "$(TARGET_NAME)";
				SWIFT_EMIT_LOC_STRINGS = NO;
				SWIFT_VERSION = 5.0;
				TARGETED_DEVICE_FAMILY = "1,2";
				TEST_HOST = "$(BUILT_PRODUCTS_DIR)/DeployMe.app/DeployMe";
			};
			name = Debug;
		};
		364501D428936CC9004B8AE9 /* Release */ = {
			isa = XCBuildConfiguration;
			buildSettings = {
				ALWAYS_EMBED_SWIFT_STANDARD_LIBRARIES = YES;
				BUNDLE_LOADER = "$(TEST_HOST)";
				CODE_SIGN_STYLE = Automatic;
				CURRENT_PROJECT_VERSION = 1;
				GENERATE_INFOPLIST_FILE = YES;
				IPHONEOS_DEPLOYMENT_TARGET = 15.5;
				MARKETING_VERSION = 1.0;
				PRODUCT_BUNDLE_IDENTIFIER = erict.DeployMeTests;
				PRODUCT_NAME = "$(TARGET_NAME)";
				SWIFT_EMIT_LOC_STRINGS = NO;
				SWIFT_VERSION = 5.0;
				TARGETED_DEVICE_FAMILY = "1,2";
				TEST_HOST = "$(BUILT_PRODUCTS_DIR)/DeployMe.app/DeployMe";
			};
			name = Release;
		};
		364501D628936CC9004B8AE9 /* Debug */ = {
			isa = XCBuildConfiguration;
			buildSettings = {
				ALWAYS_EMBED_SWIFT_STANDARD_LIBRARIES = YES;
				CODE_SIGN_STYLE = Automatic;
				CURRENT_PROJECT_VERSION = 1;
				GENERATE_INFOPLIST_FILE = YES;
				MARKETING_VERSION = 1.0;
				PRODUCT_BUNDLE_IDENTIFIER = erict.DeployMeUITests;
				PRODUCT_NAME = "$(TARGET_NAME)";
				SWIFT_EMIT_LOC_STRINGS = NO;
				SWIFT_VERSION = 5.0;
				TARGETED_DEVICE_FAMILY = "1,2";
				TEST_TARGET_NAME = DeployMe;
			};
			name = Debug;
		};
		364501D728936CC9004B8AE9 /* Release */ = {
			isa = XCBuildConfiguration;
			buildSettings = {
				ALWAYS_EMBED_SWIFT_STANDARD_LIBRARIES = YES;
				CODE_SIGN_STYLE = Automatic;
				CURRENT_PROJECT_VERSION = 1;
				GENERATE_INFOPLIST_FILE = YES;
				MARKETING_VERSION = 1.0;
				PRODUCT_BUNDLE_IDENTIFIER = erict.DeployMeUITests;
				PRODUCT_NAME = "$(TARGET_NAME)";
				SWIFT_EMIT_LOC_STRINGS = NO;
				SWIFT_VERSION = 5.0;
				TARGETED_DEVICE_FAMILY = "1,2";
				TEST_TARGET_NAME = DeployMe;
			};
			name = Release;
		};
/* End XCBuildConfiguration section */

/* Begin XCConfigurationList section */
		364501A628936CC7004B8AE9 /* Build configuration list for PBXProject "DeployMe" */ = {
			isa = XCConfigurationList;
			buildConfigurations = (
				364501CD28936CC9004B8AE9 /* Debug */,
				364501CE28936CC9004B8AE9 /* Release */,
			);
			defaultConfigurationIsVisible = 0;
			defaultConfigurationName = Release;
		};
		364501CF28936CC9004B8AE9 /* Build configuration list for PBXNativeTarget "DeployMe" */ = {
			isa = XCConfigurationList;
			buildConfigurations = (
				364501D028936CC9004B8AE9 /* Debug */,
				364501D128936CC9004B8AE9 /* Release */,
			);
			defaultConfigurationIsVisible = 0;
			defaultConfigurationName = Release;
		};
		364501D228936CC9004B8AE9 /* Build configuration list for PBXNativeTarget "DeployMeTests" */ = {
			isa = XCConfigurationList;
			buildConfigurations = (
				364501D328936CC9004B8AE9 /* Debug */,
				364501D428936CC9004B8AE9 /* Release */,
			);
			defaultConfigurationIsVisible = 0;
			defaultConfigurationName = Release;
		};
		364501D528936CC9004B8AE9 /* Build configuration list for PBXNativeTarget "DeployMeUITests" */ = {
			isa = XCConfigurationList;
			buildConfigurations = (
				364501D628936CC9004B8AE9 /* Debug */,
				364501D728936CC9004B8AE9 /* Release */,
			);
			defaultConfigurationIsVisible = 0;
			defaultConfigurationName = Release;
		};
/* End XCConfigurationList section */
	};
	rootObject = 364501A328936CC7004B8AE9 /* Project object */;
}
